{
    "_readme": [
        "This file locks the dependencies of your project to a known state",
        "Read more about it at http://getcomposer.org/doc/01-basic-usage.md#composer-lock-the-lock-file",
        "This file is @generated automatically"
    ],
    "hash": "0ac51baa3f20e60dcf63272075073273",
    "packages": [
        {
            "name": "psr/log",
            "version": "dev-master",
            "source": {
                "type": "git",
                "url": "https://github.com/php-fig/log.git",
                "reference": "a78d6504ff5d4367497785ab2ade91db3a9fbe11"
            },
            "dist": {
                "type": "zip",
                "url": "https://api.github.com/repos/php-fig/log/zipball/a78d6504ff5d4367497785ab2ade91db3a9fbe11",
                "reference": "a78d6504ff5d4367497785ab2ade91db3a9fbe11",
                "shasum": ""
            },
            "type": "library",
            "extra": {
                "branch-alias": {
                    "dev-master": "1.0.x-dev"
                }
            },
            "autoload": {
                "psr-0": {
                    "Psr\\Log\\": ""
                }
            },
            "notification-url": "https://packagist.org/downloads/",
            "license": [
                "MIT"
            ],
            "authors": [
                {
                    "name": "PHP-FIG",
                    "homepage": "http://www.php-fig.org/"
                }
            ],
            "description": "Common interface for logging libraries",
            "keywords": [
                "log",
                "psr",
                "psr-3"
            ],
            "time": "2014-01-18 15:33:09"
        },
        {
            "name": "tebru/executioner",
            "version": "dev-master",
            "source": {
                "type": "git",
                "url": "https://github.com/tebru/executioner.git",
                "reference": "16aac90fdab87c52fad7f5189396dd647b21f698"
            },
            "dist": {
                "type": "zip",
                "url": "https://api.github.com/repos/tebru/executioner/zipball/16aac90fdab87c52fad7f5189396dd647b21f698",
                "reference": "16aac90fdab87c52fad7f5189396dd647b21f698",
                "shasum": ""
            },
            "require": {
                "php": ">=5.4",
                "psr/log": "1.0.*"
            },
            "require-dev": {
                "mockery/mockery": "dev-master",
                "php": ">=5.5",
                "phpunit/phpunit": "dev-master"
            },
            "type": "library",
            "autoload": {
                "psr-4": {
                    "Tebru\\Executioner\\": "src/",
                    "Tebru\\Executioner\\Test\\": "tests/"
                }
            },
            "notification-url": "https://packagist.org/downloads/",
            "license": [
                "MIT"
            ],
            "authors": [
                {
                    "name": "Nate Brunette",
                    "email": "n@tebru.net"
                }
            ],
            "description": "Provides a library for handling PHP exceptions when you would like to retry execution.",
            "time": "2014-09-17 01:40:01"
        }
    ],
    "packages-dev": [],
    "aliases": [],
    "minimum-stability": "dev",
    "stability-flags": {
        "tebru/executioner": 20
    },
    "platform": {
        "php": ">=5.4"
    },
    "platform-dev": []
}
