{
    "_readme": [
        "This file locks the dependencies of your project to a known state",
        "Read more about it at http://getcomposer.org/doc/01-basic-usage.md#composer-lock-the-lock-file",
        "This file is @generated automatically"
    ],
    "hash": "d4341a10073e831b874ccc75270110ff",
    "packages": [
        {
            "name": "psr/log",
            "version": "1.0.0",
            "source": {
                "type": "git",
                "url": "https://github.com/php-fig/log.git",
                "reference": "fe0936ee26643249e916849d48e3a51d5f5e278b"
            },
            "dist": {
                "type": "zip",
                "url": "https://api.github.com/repos/php-fig/log/zipball/fe0936ee26643249e916849d48e3a51d5f5e278b",
                "reference": "fe0936ee26643249e916849d48e3a51d5f5e278b",
                "shasum": ""
            },
            "type": "library",
            "autoload": {
                "psr-0": {
                    "Psr\\Log\\": ""
                }
            },
            "notification-url": "https://packagist.org/downloads/",
            "license": [
                "MIT"
            ],
            "authors": [
                {
                    "name": "PHP-FIG",
                    "homepage": "http://www.php-fig.org/"
                }
            ],
            "description": "Common interface for logging libraries",
            "keywords": [
                "log",
                "psr",
                "psr-3"
            ],
            "time": "2012-12-21 11:40:51"
        },
        {
            "name": "tebru/executioner",
            "version": "v0.1.0",
            "source": {
                "type": "git",
                "url": "https://github.com/tebru/executioner.git",
                "reference": "080ec89e16076950b39baca13d8a8135aae737ae"
            },
            "dist": {
                "type": "zip",
                "url": "https://api.github.com/repos/tebru/executioner/zipball/080ec89e16076950b39baca13d8a8135aae737ae",
                "reference": "080ec89e16076950b39baca13d8a8135aae737ae",
                "shasum": ""
            },
            "require": {
                "php": ">=5.4",
                "psr/log": "1.0.*"
            },
            "require-dev": {
                "mockery/mockery": "dev-master",
                "php": ">=5.5",
                "phpunit/phpunit": "dev-master"
            },
            "type": "library",
            "autoload": {
                "psr-4": {
                    "Tebru\\Executioner\\": "src/",
                    "Tebru\\Executioner\\Test\\": "tests/"
                }
            },
            "notification-url": "https://packagist.org/downloads/",
            "license": [
                "MIT"
            ],
            "authors": [
                {
                    "name": "Nate Brunette",
                    "email": "n@tebru.net"
                }
            ],
            "description": "Provides a library for handling PHP exceptions when you would like to retry execution.",
            "time": "2014-09-17 03:28:19"
        }
    ],
    "packages-dev": [],
    "aliases": [],
    "minimum-stability": "stable",
    "stability-flags": [],
    "prefer-stable": false,
    "platform": {
        "php": ">=5.4"
    },
    "platform-dev": []
}
